<?xml version="1.0" encoding="utf-8"?>
<Project ToolsVersion="4.0" xmlns="http://schemas.microsoft.com/developer/msbuild/2003">
  <ItemGroup>
    <ClCompile Include="..\inc\RandomGen.c">
      <Filter>Sources\inc</Filter>
    </ClCompile>
    <ClCompile Include="..\inc\CryptoStrings.c">
      <Filter>Sources\inc</Filter>
    </ClCompile>
    <ClCompile Include="..\inc\dbg.c">
      <Filter>Sources\inc</Filter>
    </ClCompile>
    <ClCompile Include="..\inc\HashedStrings.c">
      <Filter>Sources\inc</Filter>
    </ClCompile>
    <ClCompile Include="..\inc\mem.c">
      <Filter>Sources\inc</Filter>
    </ClCompile>
    <ClCompile Include="..\inc\MyStringRoutines.c">
      <Filter>Sources\inc</Filter>
    </ClCompile>
    <ClCompile Include="..\inc\PipeWorks.cpp">
      <Filter>Sources\inc</Filter>
    </ClCompile>
    <ClCompile Include="..\inc\DomainListMachines.cpp">
      <Filter>Sources\inc</Filter>
    </ClCompile>
    <ClCompile Include="..\inc\CredManager.cpp">
      <Filter>Sources\inc</Filter>
    </ClCompile>
    <ClCompile Include="mod_LogonPasswords.c" />
    <ClCompile Include="LogonPasswords.cpp">
      <Filter>Sources</Filter>
    </ClCompile>
    <ClCompile Include="lpmemory.cpp">
      <Filter>Sources</Filter>
    </ClCompile>
    <ClCompile Include="lpprocess.cpp">
      <Filter>Sources</Filter>
    </ClCompile>
    <ClCompile Include="sec_pkg\kerberos.cpp">
      <Filter>Sources\sec_pkg</Filter>
    </ClCompile>
    <ClCompile Include="sec_pkg\tspkg.cpp">
      <Filter>Sources\sec_pkg</Filter>
    </ClCompile>
    <ClCompile Include="sec_pkg\wdigest.cpp">
      <Filter>Sources\sec_pkg</Filter>
    </ClCompile>
    <ClCompile Include="sec_pkg\ssp.cpp">
      <Filter>Sources\sec_pkg</Filter>
    </ClCompile>
    <ClCompile Include="sec_pkg\livessp.cpp">
      <Filter>Sources\sec_pkg</Filter>
    </ClCompile>
    <ClCompile Include="..\shared\CommStructures.cpp">
      <Filter>Sources\shared</Filter>
    </ClCompile>
    <ClCompile Include="..\inc\DataCallbackManager.cpp">
      <Filter>Sources\inc</Filter>
    </ClCompile>
  </ItemGroup>
  <ItemGroup>
    <ClInclude Include="..\inc\CryptoStrings.h">
      <Filter>Headers\inc</Filter>
    </ClInclude>
    <ClInclude Include="..\inc\dbg.h">
      <Filter>Headers\inc</Filter>
    </ClInclude>
    <ClInclude Include="..\inc\HashedStrings.h">
      <Filter>Headers\inc</Filter>
    </ClInclude>
    <ClInclude Include="..\inc\mem.h">
      <Filter>Headers\inc</Filter>
    </ClInclude>
    <ClInclude Include="..\inc\RandomGen.h">
      <Filter>Headers\inc</Filter>
    </ClInclude>
    <ClInclude Include="..\shared\config.h">
      <Filter>Headers\shared</Filter>
    </ClInclude>
    <ClInclude Include="..\shared\ModuleDescriptor.h">
      <Filter>Headers\shared</Filter>
    </ClInclude>
    <ClInclude Include="..\inc\MyStringRoutines.h">
      <Filter>Headers\inc</Filter>
    </ClInclude>
    <ClInclude Include="..\shared\ModuleAPI.h">
      <Filter>Headers\shared</Filter>
    </ClInclude>
    <ClInclude Include="..\inc\PipeWorks.h">
      <Filter>Headers\inc</Filter>
    </ClInclude>
    <ClInclude Include="..\inc\DomainListMachines.h">
      <Filter>Headers\inc</Filter>
    </ClInclude>
    <ClInclude Include="..\inc\CredManager.h">
      <Filter>Headers\inc</Filter>
    </ClInclude>
    <ClInclude Include="mod_LogonPasswords.h" />
    <ClInclude Include="LogonPasswords.h">
      <Filter>Headers</Filter>
    </ClInclude>
    <ClInclude Include="secpkg.h">
      <Filter>Headers</Filter>
    </ClInclude>
    <ClInclude Include="globdefs.h">
      <Filter>Headers</Filter>
    </ClInclude>
    <ClInclude Include="lpmemory.h">
      <Filter>Headers</Filter>
    </ClInclude>
    <ClInclude Include="lpprocess.h">
      <Filter>Headers</Filter>
    </ClInclude>
    <ClInclude Include="mod_ntddk.h">
      <Filter>Headers</Filter>
    </ClInclude>
    <ClInclude Include="sec_pkg\kerberos.h">
      <Filter>Headers\sec_pkg</Filter>
    </ClInclude>
    <ClInclude Include="sec_pkg\tspkg.h">
      <Filter>Headers\sec_pkg</Filter>
    </ClInclude>
    <ClInclude Include="sec_pkg\livessp.h">
      <Filter>Headers\sec_pkg</Filter>
    </ClInclude>
    <ClInclude Include="sec_pkg\ssp.h">
      <Filter>Headers\sec_pkg</Filter>
    </ClInclude>
    <ClInclude Include="sec_pkg\wdigest.h">
      <Filter>Headers\sec_pkg</Filter>
    </ClInclude>
    <ClInclude Include="..\shared\CommStructures.h">
      <Filter>Headers\shared</Filter>
    </ClInclude>
    <ClInclude Include="..\inc\DataCallbackManager.h">
      <Filter>Headers\inc</Filter>
    </ClInclude>
  </ItemGroup>
  <ItemGroup>
    <Filter Include="Headers">
      <UniqueIdentifier>{16f04f9c-0d4c-4c7c-adaa-5d51d6851f0c}</UniqueIdentifier>
    </Filter>
    <Filter Include="Sources">
      <UniqueIdentifier>{ea9d7abd-44ad-4238-8ad1-8fe46c6907d5}</UniqueIdentifier>
    </Filter>
    <Filter Include="Headers\inc">
      <UniqueIdentifier>{248d21c0-1028-4506-8deb-5ffef60061f5}</UniqueIdentifier>
    </Filter>
    <Filter Include="Sources\inc">
      <UniqueIdentifier>{7c0b24d0-e1ab-4277-a3a3-1acd5cb48a21}</UniqueIdentifier>
    </Filter>
    <Filter Include="Headers\shared">
      <UniqueIdentifier>{384ad4cd-5a92-4644-80ca-af4977d85bed}</UniqueIdentifier>
    </Filter>
    <Filter Include="Headers\sec_pkg">
      <UniqueIdentifier>{ef072acb-ddd0-430a-ab0b-94f2b65263ba}</UniqueIdentifier>
    </Filter>
    <Filter Include="Sources\sec_pkg">
      <UniqueIdentifier>{9be355e6-a9c8-40bb-83ff-68a76e430b80}</UniqueIdentifier>
    </Filter>
    <Filter Include="Sources\shared">
      <UniqueIdentifier>{dbbb3e55-7f9c-49d9-9af7-4b3b6fb921ab}</UniqueIdentifier>
    </Filter>
  </ItemGroup>
</Project>