<?xml version="1.0" encoding="utf-8"?>
<Project ToolsVersion="4.0" xmlns="http://schemas.microsoft.com/developer/msbuild/2003">
  <ItemGroup>
    <Filter Include="Source Files">
      <UniqueIdentifier>{4FC737F1-C7A5-4376-A066-2A32D752A2FF}</UniqueIdentifier>
      <Extensions>cpp;c;cc;cxx;def;odl;idl;hpj;bat;asm;asmx</Extensions>
    </Filter>
    <Filter Include="Header Files">
      <UniqueIdentifier>{93995380-89BD-4b04-88EB-625FBE52EBFB}</UniqueIdentifier>
      <Extensions>h;hpp;hxx;hm;inl;inc;xsd</Extensions>
    </Filter>
    <Filter Include="Header Files\libs">
      <UniqueIdentifier>{720fbc28-553d-47a8-9b47-e14475397dd8}</UniqueIdentifier>
    </Filter>
    <Filter Include="Source Files\libs">
      <UniqueIdentifier>{1c471d13-0137-494f-9cd9-4497cc87d11e}</UniqueIdentifier>
    </Filter>
  </ItemGroup>
  <ItemGroup>
    <ClCompile Include="..\inc\HashedStrings.c">
      <Filter>Source Files\libs</Filter>
    </ClCompile>
    <ClCompile Include="..\inc\PELoader.cpp">
      <Filter>Source Files\libs</Filter>
    </ClCompile>
    <ClCompile Include="shellcode.c">
      <Filter>Source Files</Filter>
    </ClCompile>
  </ItemGroup>
  <ItemGroup>
    <ClInclude Include="..\inc\HashedStrings.h">
      <Filter>Header Files\libs</Filter>
    </ClInclude>
    <ClInclude Include="..\inc\PELoader.h">
      <Filter>Header Files\libs</Filter>
    </ClInclude>
    <ClInclude Include="shellcode.h">
      <Filter>Header Files</Filter>
    </ClInclude>
  </ItemGroup>
</Project>