<?xml version="1.0" encoding="utf-8"?>
<Project ToolsVersion="4.0" xmlns="http://schemas.microsoft.com/developer/msbuild/2003">
  <ItemGroup>
    <Filter Include="Source Files">
      <UniqueIdentifier>{4FC737F1-C7A5-4376-A066-2A32D752A2FF}</UniqueIdentifier>
      <Extensions>cpp;c;cc;cxx;def;odl;idl;hpj;bat;asm;asmx</Extensions>
    </Filter>
    <Filter Include="Source Files\libs">
      <UniqueIdentifier>{40e48244-e3b1-455a-9190-5ad5e9b92084}</UniqueIdentifier>
    </Filter>
    <Filter Include="Header Files">
      <UniqueIdentifier>{93995380-89BD-4b04-88EB-625FBE52EBFB}</UniqueIdentifier>
      <Extensions>h;hpp;hxx;hm;inl;inc;xsd</Extensions>
    </Filter>
    <Filter Include="Header Files\libs">
      <UniqueIdentifier>{b3e299b9-8f41-45b2-a206-a8b9322b0b63}</UniqueIdentifier>
    </Filter>
  </ItemGroup>
  <ItemGroup>
    <ClCompile Include="main.c">
      <Filter>Source Files</Filter>
    </ClCompile>
    <ClCompile Include="..\inc\dbg.c">
      <Filter>Source Files\libs</Filter>
    </ClCompile>
    <ClCompile Include="..\inc\LZ4\lz4.c">
      <Filter>Source Files\libs</Filter>
    </ClCompile>
    <ClCompile Include="..\inc\mem.c">
      <Filter>Source Files\libs</Filter>
    </ClCompile>
    <ClCompile Include="..\inc\MyStringRoutines.c">
      <Filter>Source Files\libs</Filter>
    </ClCompile>
    <ClCompile Include="..\inc\RandomGen.c">
      <Filter>Source Files\libs</Filter>
    </ClCompile>
  </ItemGroup>
  <ItemGroup>
    <ClInclude Include="main.h">
      <Filter>Header Files</Filter>
    </ClInclude>
    <ClInclude Include="..\inc\dbg.h">
      <Filter>Header Files\libs</Filter>
    </ClInclude>
    <ClInclude Include="..\inc\mem.h">
      <Filter>Header Files\libs</Filter>
    </ClInclude>
    <ClInclude Include="..\inc\MyStringRoutines.h">
      <Filter>Header Files\libs</Filter>
    </ClInclude>
    <ClInclude Include="..\inc\RandomGen.h">
      <Filter>Header Files\libs</Filter>
    </ClInclude>
    <ClInclude Include="..\inc\LZ4\lz4.h">
      <Filter>Header Files\libs</Filter>
    </ClInclude>
  </ItemGroup>
</Project>